PODS:
  - Branch (1.41.0)
  - gyde-ios (0.1.0)

DEPENDENCIES:
  - Branch
  - gyde-ios (from `../`)

SPEC REPOS:
  trunk:
    - Branch

EXTERNAL SOURCES:
  gyde-ios:
    :path: "../"

SPEC CHECKSUMS:
  Branch: bd6c472d6cab03206877ac86c1241327a3f217d1
  gyde-ios: 0bec5b51cb624de3528ba9d17cc14b39c99b44d9

PODFILE CHECKSUM: 331c512fc52e2c41fc528ca7ec09f807ae029e49

COCOAPODS: 1.11.2
